
Microsoft Visual Studio Solution File, Format Version 11.00
# Visual Studio 2010
Project("{8BC9CEB8-8B4A-11D0-8D11-00A0C91BC942}") = "Laba_Queue", "Laba_Queue\Laba_Queue.vcxproj", "{9A59A5C4-2EF0-42E9-9D5F-DEFE60FB706D}"
EndProject
Global
	GlobalSection(SolutionConfigurationPlatforms) = preSolution
		Debug|Win32 = Debug|Win32
		Release|Win32 = Release|Win32
	EndGlobalSection
	GlobalSection(ProjectConfigurationPlatforms) = postSolution
		{9A59A5C4-2EF0-42E9-9D5F-DEFE60FB706D}.Debug|Win32.ActiveCfg = Debug|Win32
		{9A59A5C4-2EF0-42E9-9D5F-DEFE60FB706D}.Debug|Win32.Build.0 = Debug|Win32
		{9A59A5C4-2EF0-42E9-9D5F-DEFE60FB706D}.Release|Win32.ActiveCfg = Release|Win32
		{9A59A5C4-2EF0-42E9-9D5F-DEFE60FB706D}.Release|Win32.Build.0 = Release|Win32
	EndGlobalSection
	GlobalSection(SolutionProperties) = preSolution
		HideSolutionNode = FALSE
	EndGlobalSection
EndGlobal
